
Microsoft Visual Studio Solution File, Format Version 12.00
# Visual Studio 15
VisualStudioVersion = 15.0.28307.902
MinimumVisualStudioVersion = 10.0.40219.1
Project("{FAE04EC0-301F-11D3-BF4B-00C04F79EFBC}") = "WindowsFormsApp5", "WindowsFormsApp5\WindowsFormsApp5.csproj", "{26783E49-64E5-4EEB-9BD9-F4BF490F63CC}"
EndProject
Global
	GlobalSection(SolutionConfigurationPlatforms) = preSolution
		Debug|Any CPU = Debug|Any CPU
		Release|Any CPU = Release|Any CPU
	EndGlobalSection
	GlobalSection(ProjectConfigurationPlatforms) = postSolution
		{26783E49-64E5-4EEB-9BD9-F4BF490F63CC}.Debug|Any CPU.ActiveCfg = Debug|Any CPU
		{26783E49-64E5-4EEB-9BD9-F4BF490F63CC}.Debug|Any CPU.Build.0 = Debug|Any CPU
		{26783E49-64E5-4EEB-9BD9-F4BF490F63CC}.Release|Any CPU.ActiveCfg = Release|Any CPU
		{26783E49-64E5-4EEB-9BD9-F4BF490F63CC}.Release|Any CPU.Build.0 = Release|Any CPU
	EndGlobalSection
	GlobalSection(SolutionProperties) = preSolution
		HideSolutionNode = FALSE
	EndGlobalSection
	GlobalSection(ExtensibilityGlobals) = postSolution
		SolutionGuid = {4D0956C4-5159-40E2-9B19-1196B0F9E4AC}
	EndGlobalSection
EndGlobal
